
Microsoft Visual Studio Solution File, Format Version 12.00
# Visual Studio Version 17
VisualStudioVersion = 17.14.37710.0 d17.14
MinimumVisualStudioVersion = 10.0.40219.1
Project("{FAE04EC0-301F-11D3-BF4B-00C04F79EFBC}") = "StroyPlan.WPF", "StroyPlan.WPF\StroyPlan.WPF.csproj", "{3E4CB988-C1AD-46C4-A44F-618CB875272E}"
EndProject
Global
	GlobalSection(SolutionConfigurationPlatforms) = preSolution
		Debug|Any CPU = Debug|Any CPU
		Release|Any CPU = Release|Any CPU
	EndGlobalSection
	GlobalSection(ProjectConfigurationPlatforms) = postSolution
		{3E4CB988-C1AD-46C4-A44F-618CB875272E}.Debug|Any CPU.ActiveCfg = Debug|Any CPU
		{3E4CB988-C1AD-46C4-A44F-618CB875272E}.Debug|Any CPU.Build.0 = Debug|Any CPU
		{3E4CB988-C1AD-46C4-A44F-618CB875272E}.Release|Any CPU.ActiveCfg = Release|Any CPU
		{3E4CB988-C1AD-46C4-A44F-618CB875272E}.Release|Any CPU.Build.0 = Release|Any CPU
	EndGlobalSection
	GlobalSection(SolutionProperties) = preSolution
		HideSolutionNode = FALSE
	EndGlobalSection
	GlobalSection(ExtensibilityGlobals) = postSolution
		SolutionGuid = {E7EE8F63-F038-4365-A020-2A3190B97B72}
	EndGlobalSection
EndGlobal
